
Microsoft Visual Studio Solution File, Format Version 12.00
# Visual Studio 15
VisualStudioVersion = 15.0.27004.2005
MinimumVisualStudioVersion = 10.0.40219.1
Project("{FAE04EC0-301F-11D3-BF4B-00C04F79EFBC}") = "TransactionsWebApp", "TransactionsWebApp\TransactionsWebApp.csproj", "{E02BF530-1DCF-43B4-B80E-DD251F68DC5C}"
EndProject
Project("{FAE04EC0-301F-11D3-BF4B-00C04F79EFBC}") = "TransactionsWebApp.Tests", "TransactionsWebApp.Tests\TransactionsWebApp.Tests.csproj", "{0BCAF9B3-A39D-414E-A8F5-03DB79A5B421}"
EndProject
Global
	GlobalSection(SolutionConfigurationPlatforms) = preSolution
		Debug|Any CPU = Debug|Any CPU
		Release|Any CPU = Release|Any CPU
	EndGlobalSection
	GlobalSection(ProjectConfigurationPlatforms) = postSolution
		{E02BF530-1DCF-43B4-B80E-DD251F68DC5C}.Debug|Any CPU.ActiveCfg = Debug|Any CPU
		{E02BF530-1DCF-43B4-B80E-DD251F68DC5C}.Debug|Any CPU.Build.0 = Debug|Any CPU
		{E02BF530-1DCF-43B4-B80E-DD251F68DC5C}.Release|Any CPU.ActiveCfg = Release|Any CPU
		{E02BF530-1DCF-43B4-B80E-DD251F68DC5C}.Release|Any CPU.Build.0 = Release|Any CPU
		{0BCAF9B3-A39D-414E-A8F5-03DB79A5B421}.Debug|Any CPU.ActiveCfg = Debug|Any CPU
		{0BCAF9B3-A39D-414E-A8F5-03DB79A5B421}.Debug|Any CPU.Build.0 = Debug|Any CPU
		{0BCAF9B3-A39D-414E-A8F5-03DB79A5B421}.Release|Any CPU.ActiveCfg = Release|Any CPU
		{0BCAF9B3-A39D-414E-A8F5-03DB79A5B421}.Release|Any CPU.Build.0 = Release|Any CPU
	EndGlobalSection
	GlobalSection(SolutionProperties) = preSolution
		HideSolutionNode = FALSE
	EndGlobalSection
	GlobalSection(ExtensibilityGlobals) = postSolution
		SolutionGuid = {AC9B0FB2-C056-4C0A-A71B-D32A41DAC54F}
	EndGlobalSection
EndGlobal
